
Microsoft Visual Studio Solution File, Format Version 12.00
# Visual Studio Version 17
VisualStudioVersion = 17.1.32328.378
MinimumVisualStudioVersion = 10.0.40219.1
Project("{FAE04EC0-301F-11D3-BF4B-00C04F79EFBC}") = "Editor_Texto", "Editor_Texto\Editor_Texto.csproj", "{22FBCDE2-543B-472A-8CBC-C5A8D12051D6}"
EndProject
Global
	GlobalSection(SolutionConfigurationPlatforms) = preSolution
		Debug|Any CPU = Debug|Any CPU
		Release|Any CPU = Release|Any CPU
	EndGlobalSection
	GlobalSection(ProjectConfigurationPlatforms) = postSolution
		{22FBCDE2-543B-472A-8CBC-C5A8D12051D6}.Debug|Any CPU.ActiveCfg = Debug|Any CPU
		{22FBCDE2-543B-472A-8CBC-C5A8D12051D6}.Debug|Any CPU.Build.0 = Debug|Any CPU
		{22FBCDE2-543B-472A-8CBC-C5A8D12051D6}.Release|Any CPU.ActiveCfg = Release|Any CPU
		{22FBCDE2-543B-472A-8CBC-C5A8D12051D6}.Release|Any CPU.Build.0 = Release|Any CPU
	EndGlobalSection
	GlobalSection(SolutionProperties) = preSolution
		HideSolutionNode = FALSE
	EndGlobalSection
	GlobalSection(ExtensibilityGlobals) = postSolution
		SolutionGuid = {0F5F2C32-8012-498D-AF84-0C87ED12887C}
	EndGlobalSection
EndGlobal
